
Microsoft Visual Studio Solution File, Format Version 12.00
# Visual Studio Version 17
VisualStudioVersion = 17.0.32112.339
MinimumVisualStudioVersion = 10.0.40219.1
Project("{8BC9CEB8-8B4A-11D0-8D11-00A0C91BC942}") = "Hazel", "Hazel\Hazel.vcxproj", "{20B49371-4EC9-404F-90EA-3698DFE3D848}"
EndProject
Project("{8BC9CEB8-8B4A-11D0-8D11-00A0C91BC942}") = "SandBox", "SanBox\SanBox.vcxproj", "{9007C592-CC53-4B33-851E-7F2074949214}"
EndProject
Global
	GlobalSection(SolutionConfigurationPlatforms) = preSolution
		Debug|x64 = Debug|x64
		Release|x64 = Release|x64
	EndGlobalSection
	GlobalSection(ProjectConfigurationPlatforms) = postSolution
		{20B49371-4EC9-404F-90EA-3698DFE3D848}.Debug|x64.ActiveCfg = Debug|x64
		{20B49371-4EC9-404F-90EA-3698DFE3D848}.Debug|x64.Build.0 = Debug|x64
		{20B49371-4EC9-404F-90EA-3698DFE3D848}.Release|x64.ActiveCfg = Release|x64
		{20B49371-4EC9-404F-90EA-3698DFE3D848}.Release|x64.Build.0 = Release|x64
		{9007C592-CC53-4B33-851E-7F2074949214}.Debug|x64.ActiveCfg = Debug|x64
		{9007C592-CC53-4B33-851E-7F2074949214}.Debug|x64.Build.0 = Debug|x64
		{9007C592-CC53-4B33-851E-7F2074949214}.Release|x64.ActiveCfg = Release|x64
		{9007C592-CC53-4B33-851E-7F2074949214}.Release|x64.Build.0 = Release|x64
	EndGlobalSection
	GlobalSection(SolutionProperties) = preSolution
		HideSolutionNode = FALSE
	EndGlobalSection
	GlobalSection(ExtensibilityGlobals) = postSolution
		SolutionGuid = {31799584-D4D7-408E-B0D3-6088AF811EE1}
	EndGlobalSection
EndGlobal
